<?xml version="1.0" encoding="utf-8"?>
<Project ToolsVersion="4.0" xmlns="http://schemas.microsoft.com/developer/msbuild/2003">
  <ItemGroup>
    <Filter Include="Source Files">
      <UniqueIdentifier>{4FC737F1-C7A5-4376-A066-2A32D752A2FF}</UniqueIdentifier>
      <Extensions>cpp;c;cc;cxx;c++;cppm;ixx;def;odl;idl;hpj;bat;asm;asmx</Extensions>
    </Filter>
    <Filter Include="Header Files">
      <UniqueIdentifier>{93995380-89BD-4b04-88EB-625FBE52EBFB}</UniqueIdentifier>
      <Extensions>h;hh;hpp;hxx;h++;hm;inl;inc;ipp;xsd</Extensions>
    </Filter>
    <Filter Include="Resource Files">
      <UniqueIdentifier>{67DA6AB6-F800-4c08-8B7A-83BB121AAD01}</UniqueIdentifier>
      <Extensions>rc;ico;cur;bmp;dlg;rc2;rct;bin;rgs;gif;jpg;jpeg;jpe;resx;tiff;tif;png;wav;mfcribbon-ms</Extensions>
    </Filter>
    <Filter Include="Source Files\neural_net">
      <UniqueIdentifier>{0b61664e-4779-477d-ac04-f843a0a06012}</UniqueIdentifier>
    </Filter>
    <Filter Include="Header Files\model">
      <UniqueIdentifier>{57a99999-2c45-45c3-840c-1ba892b051db}</UniqueIdentifier>
    </Filter>
    <Filter Include="Header Files\neual_net">
      <UniqueIdentifier>{dbe10d02-482d-47ce-8573-15b499c29971}</UniqueIdentifier>
    </Filter>
    <Filter Include="Resource Files\data">
      <UniqueIdentifier>{1dc19c71-ab8a-47e6-9246-b439f44cf029}</UniqueIdentifier>
    </Filter>
  </ItemGroup>
  <ItemGroup>
    <ClCompile Include="system_start.cpp">
      <Filter>Source Files</Filter>
    </ClCompile>
  </ItemGroup>
  <ItemGroup>
    <ClInclude Include="model\memory.h">
      <Filter>Header Files\model</Filter>
    </ClInclude>
    <ClInclude Include="model\core.h">
      <Filter>Header Files\model</Filter>
    </ClInclude>
    <ClInclude Include="model\IO.h">
      <Filter>Header Files\model</Filter>
    </ClInclude>
    <ClInclude Include="model\core_last.h">
      <Filter>Header Files\model</Filter>
    </ClInclude>
    <ClInclude Include="resource.h">
      <Filter>Header Files</Filter>
    </ClInclude>
    <ClInclude Include="main.h">
      <Filter>Header Files</Filter>
    </ClInclude>
    <ClInclude Include="model\bus.h">
      <Filter>Header Files\model</Filter>
    </ClInclude>
  </ItemGroup>
  <ItemGroup>
    <Text Include="data\dataset.txt">
      <Filter>Resource Files\data</Filter>
    </Text>
    <Text Include="data\ideals.txt">
      <Filter>Resource Files\data</Filter>
    </Text>
    <Text Include="data\test_circle.txt">
      <Filter>Resource Files\data</Filter>
    </Text>
    <Text Include="data\test_square.txt">
      <Filter>Resource Files\data</Filter>
    </Text>
    <Text Include="data\test_triangle.txt">
      <Filter>Resource Files\data</Filter>
    </Text>
    <Text Include="data\weight.txt">
      <Filter>Resource Files\data</Filter>
    </Text>
  </ItemGroup>
  <ItemGroup>
    <ResourceCompile Include="Lab2.rc">
      <Filter>Resource Files</Filter>
    </ResourceCompile>
  </ItemGroup>
</Project>